<?xml version="1.0" encoding="utf-8"?>
<Project ToolsVersion="4.0" xmlns="http://schemas.microsoft.com/developer/msbuild/2003">
  <ItemGroup>
    <Filter Include="Fichiers sources">
      <UniqueIdentifier>{4FC737F1-C7A5-4376-A066-2A32D752A2FF}</UniqueIdentifier>
      <Extensions>cpp;c;cc;cxx;c++;cppm;ixx;def;odl;idl;hpj;bat;asm;asmx</Extensions>
    </Filter>
    <Filter Include="Fichiers d%27en-tête">
      <UniqueIdentifier>{93995380-89BD-4b04-88EB-625FBE52EBFB}</UniqueIdentifier>
      <Extensions>h;hh;hpp;hxx;h++;hm;inl;inc;ipp;xsd</Extensions>
    </Filter>
    <Filter Include="Fichiers de ressources">
      <UniqueIdentifier>{67DA6AB6-F800-4c08-8B7A-83BB121AAD01}</UniqueIdentifier>
      <Extensions>rc;ico;cur;bmp;dlg;rc2;rct;bin;rgs;gif;jpg;jpeg;jpe;resx;tiff;tif;png;wav;mfcribbon-ms</Extensions>
    </Filter>
    <Filter Include="Fichiers de ressources\shaders">
      <UniqueIdentifier>{06246eb9-f98d-41e2-a4b4-bcb04624eb44}</UniqueIdentifier>
    </Filter>
    <Filter Include="Fichiers de ressources\textures">
      <UniqueIdentifier>{23fa01f9-80e5-449d-93f0-d483ff0b318b}</UniqueIdentifier>
    </Filter>
    <Filter Include="Fichiers de ressources\shaders\cube">
      <UniqueIdentifier>{03a278c3-1e69-4af9-ac28-2f9b76ae465c}</UniqueIdentifier>
    </Filter>
    <Filter Include="Fichiers d%27en-tête\Inputs">
      <UniqueIdentifier>{b06e89a0-143a-4e30-8003-0d1ce3d7bcf7}</UniqueIdentifier>
    </Filter>
    <Filter Include="Fichiers sources\Inputs">
      <UniqueIdentifier>{b35dc59f-d5a7-43a0-890d-c95ff1a77bd9}</UniqueIdentifier>
    </Filter>
    <Filter Include="Fichiers de ressources\shaders\cube\lightsource">
      <UniqueIdentifier>{4e02fd8a-f27c-4616-a9d2-b0d49ba1a2df}</UniqueIdentifier>
    </Filter>
    <Filter Include="Fichiers de ressources\shaders\cube\severallights">
      <UniqueIdentifier>{5f46799b-20b1-4970-baa8-64c6d3ba6b71}</UniqueIdentifier>
    </Filter>
  </ItemGroup>
  <ItemGroup>
    <ClCompile Include="main.cpp">
      <Filter>Fichiers sources</Filter>
    </ClCompile>
    <ClCompile Include="glad.c">
      <Filter>Fichiers sources</Filter>
    </ClCompile>
    <ClCompile Include="Window.cpp">
      <Filter>Fichiers sources</Filter>
    </ClCompile>
    <ClCompile Include="Renderer.cpp">
      <Filter>Fichiers sources</Filter>
    </ClCompile>
    <ClCompile Include="Game.cpp">
      <Filter>Fichiers sources</Filter>
    </ClCompile>
    <ClCompile Include="Mesh.cpp">
      <Filter>Fichiers sources</Filter>
    </ClCompile>
    <ClCompile Include="Shader.cpp">
      <Filter>Fichiers sources</Filter>
    </ClCompile>
    <ClCompile Include="Texture.cpp">
      <Filter>Fichiers sources</Filter>
    </ClCompile>
    <ClCompile Include="Transformation.h">
      <Filter>Fichiers d%27en-tête</Filter>
    </ClCompile>
    <ClCompile Include="Camera.cpp">
      <Filter>Fichiers sources</Filter>
    </ClCompile>
    <ClCompile Include="Cube.cpp">
      <Filter>Fichiers sources</Filter>
    </ClCompile>
    <ClCompile Include="Entity.cpp">
      <Filter>Fichiers sources</Filter>
    </ClCompile>
    <ClCompile Include="Player.cpp">
      <Filter>Fichiers sources</Filter>
    </ClCompile>
    <ClCompile Include="Escape.cpp">
      <Filter>Fichiers sources\Inputs</Filter>
    </ClCompile>
    <ClCompile Include="Sprint.cpp">
      <Filter>Fichiers sources\Inputs</Filter>
    </ClCompile>
    <ClCompile Include="Right.cpp">
      <Filter>Fichiers sources\Inputs</Filter>
    </ClCompile>
    <ClCompile Include="Left.cpp">
      <Filter>Fichiers sources\Inputs</Filter>
    </ClCompile>
    <ClCompile Include="Mouse.cpp">
      <Filter>Fichiers sources\Inputs</Filter>
    </ClCompile>
    <ClCompile Include="Jump.cpp">
      <Filter>Fichiers sources\Inputs</Filter>
    </ClCompile>
    <ClCompile Include="Forward.cpp">
      <Filter>Fichiers sources\Inputs</Filter>
    </ClCompile>
    <ClCompile Include="Crouch.cpp">
      <Filter>Fichiers sources\Inputs</Filter>
    </ClCompile>
    <ClCompile Include="Backward.cpp">
      <Filter>Fichiers sources\Inputs</Filter>
    </ClCompile>
    <ClCompile Include="KeyManager.cpp">
      <Filter>Fichiers sources\Inputs</Filter>
    </ClCompile>
    <ClCompile Include="Direction.cpp">
      <Filter>Fichiers sources</Filter>
    </ClCompile>
    <ClCompile Include="TextureManager.cpp">
      <Filter>Fichiers sources</Filter>
    </ClCompile>
    <ClCompile Include="LightSource.cpp">
      <Filter>Fichiers sources</Filter>
    </ClCompile>
    <ClCompile Include="LightManager.cpp">
      <Filter>Fichiers sources</Filter>
    </ClCompile>
    <ClCompile Include="Flashlight.cpp">
      <Filter>Fichiers sources\Inputs</Filter>
    </ClCompile>
    <ClCompile Include="Spotlight.cpp">
      <Filter>Fichiers sources</Filter>
    </ClCompile>
    <ClCompile Include="Socket.cpp">
      <Filter>Fichiers sources</Filter>
    </ClCompile>
    <ClCompile Include="Model.cpp">
      <Filter>Fichiers sources</Filter>
    </ClCompile>
  </ItemGroup>
  <ItemGroup>
    <ClInclude Include="config.h">
      <Filter>Fichiers d%27en-tête</Filter>
    </ClInclude>
    <ClInclude Include="Window.h">
      <Filter>Fichiers d%27en-tête</Filter>
    </ClInclude>
    <ClInclude Include="constants.h">
      <Filter>Fichiers d%27en-tête</Filter>
    </ClInclude>
    <ClInclude Include="Renderer.h">
      <Filter>Fichiers d%27en-tête</Filter>
    </ClInclude>
    <ClInclude Include="Game.h">
      <Filter>Fichiers d%27en-tête</Filter>
    </ClInclude>
    <ClInclude Include="Vertex.h">
      <Filter>Fichiers d%27en-tête</Filter>
    </ClInclude>
    <ClInclude Include="Mesh.h">
      <Filter>Fichiers d%27en-tête</Filter>
    </ClInclude>
    <ClInclude Include="Shader.h">
      <Filter>Fichiers d%27en-tête</Filter>
    </ClInclude>
    <ClInclude Include="Texture.h">
      <Filter>Fichiers d%27en-tête</Filter>
    </ClInclude>
    <ClInclude Include="Camera.h">
      <Filter>Fichiers d%27en-tête</Filter>
    </ClInclude>
    <ClInclude Include="Cube.h">
      <Filter>Fichiers d%27en-tête</Filter>
    </ClInclude>
    <ClInclude Include="Entity.h">
      <Filter>Fichiers d%27en-tête</Filter>
    </ClInclude>
    <ClInclude Include="ShaderManager.h">
      <Filter>Fichiers d%27en-tête</Filter>
    </ClInclude>
    <ClInclude Include="TextureManager.h">
      <Filter>Fichiers d%27en-tête</Filter>
    </ClInclude>
    <ClInclude Include="Key.h">
      <Filter>Fichiers d%27en-tête\Inputs</Filter>
    </ClInclude>
    <ClInclude Include="KeyManager.h">
      <Filter>Fichiers d%27en-tête\Inputs</Filter>
    </ClInclude>
    <ClInclude Include="Forward.h">
      <Filter>Fichiers d%27en-tête\Inputs</Filter>
    </ClInclude>
    <ClInclude Include="configKeys.h">
      <Filter>Fichiers d%27en-tête\Inputs</Filter>
    </ClInclude>
    <ClInclude Include="Backward.h">
      <Filter>Fichiers d%27en-tête\Inputs</Filter>
    </ClInclude>
    <ClInclude Include="Left.h">
      <Filter>Fichiers d%27en-tête\Inputs</Filter>
    </ClInclude>
    <ClInclude Include="Right.h">
      <Filter>Fichiers d%27en-tête\Inputs</Filter>
    </ClInclude>
    <ClInclude Include="Crouch.h">
      <Filter>Fichiers d%27en-tête\Inputs</Filter>
    </ClInclude>
    <ClInclude Include="Sprint.h">
      <Filter>Fichiers d%27en-tête\Inputs</Filter>
    </ClInclude>
    <ClInclude Include="Jump.h">
      <Filter>Fichiers d%27en-tête\Inputs</Filter>
    </ClInclude>
    <ClInclude Include="Player.h">
      <Filter>Fichiers d%27en-tête</Filter>
    </ClInclude>
    <ClInclude Include="Mouse.h">
      <Filter>Fichiers d%27en-tête\Inputs</Filter>
    </ClInclude>
    <ClInclude Include="Escape.h">
      <Filter>Fichiers d%27en-tête\Inputs</Filter>
    </ClInclude>
    <ClInclude Include="Direction.h">
      <Filter>Fichiers d%27en-tête</Filter>
    </ClInclude>
    <ClInclude Include="LightSource.h">
      <Filter>Fichiers d%27en-tête</Filter>
    </ClInclude>
    <ClInclude Include="LightManager.h">
      <Filter>Fichiers d%27en-tête</Filter>
    </ClInclude>
    <ClInclude Include="Flashlight.h">
      <Filter>Fichiers d%27en-tête\Inputs</Filter>
    </ClInclude>
    <ClInclude Include="Spotlight.h">
      <Filter>Fichiers d%27en-tête</Filter>
    </ClInclude>
    <ClInclude Include="Socket.h">
      <Filter>Fichiers d%27en-tête</Filter>
    </ClInclude>
    <ClInclude Include="Model.h">
      <Filter>Fichiers d%27en-tête</Filter>
    </ClInclude>
  </ItemGroup>
  <ItemGroup>
    <Image Include="res\textures\rocks.png">
      <Filter>Fichiers de ressources\textures</Filter>
    </Image>
  </ItemGroup>
  <ItemGroup>
    <None Include="res\shaders\cube\cube.frag">
      <Filter>Fichiers de ressources\shaders\cube</Filter>
    </None>
    <None Include="res\shaders\cube\cube.vert">
      <Filter>Fichiers de ressources\shaders\cube</Filter>
    </None>
    <None Include="res\shaders\cube\lightsource\lightsource.frag">
      <Filter>Fichiers de ressources\shaders\cube\lightsource</Filter>
    </None>
    <None Include="res\shaders\cube\lightsource\lightsource.vert">
      <Filter>Fichiers de ressources\shaders\cube\lightsource</Filter>
    </None>
    <None Include="res\shaders\cube\severallights\severallights.frag">
      <Filter>Fichiers de ressources\shaders\cube\severallights</Filter>
    </None>
    <None Include="res\shaders\cube\severallights\severallights.vert">
      <Filter>Fichiers de ressources\shaders\cube\severallights</Filter>
    </None>
  </ItemGroup>
</Project>